
Microsoft Visual Studio Solution File, Format Version 12.00
# Visual Studio Version 17
VisualStudioVersion = 17.0.31912.275
MinimumVisualStudioVersion = 10.0.40219.1
Project("{FAE04EC0-301F-11D3-BF4B-00C04F79EFBC}") = "UltraPlay", "UltraPlay\UltraPlay.csproj", "{A2ACA772-B06D-48DD-892A-12E5D16737D7}"
EndProject
Project("{FAE04EC0-301F-11D3-BF4B-00C04F79EFBC}") = "UltraPlay.Data", "UltraPlay.Data\UltraPlay.Data.csproj", "{9A965F79-83B3-43AA-AD7C-2821488A6BAC}"
EndProject
Project("{FAE04EC0-301F-11D3-BF4B-00C04F79EFBC}") = "UltraPlay.Services", "UltraPlay.Services\UltraPlay.Services.csproj", "{C8D9B52F-4795-4800-B9A7-9E8AE0BA5D87}"
EndProject
Global
	GlobalSection(SolutionConfigurationPlatforms) = preSolution
		Debug|Any CPU = Debug|Any CPU
		Release|Any CPU = Release|Any CPU
	EndGlobalSection
	GlobalSection(ProjectConfigurationPlatforms) = postSolution
		{A2ACA772-B06D-48DD-892A-12E5D16737D7}.Debug|Any CPU.ActiveCfg = Debug|Any CPU
		{A2ACA772-B06D-48DD-892A-12E5D16737D7}.Debug|Any CPU.Build.0 = Debug|Any CPU
		{A2ACA772-B06D-48DD-892A-12E5D16737D7}.Release|Any CPU.ActiveCfg = Release|Any CPU
		{A2ACA772-B06D-48DD-892A-12E5D16737D7}.Release|Any CPU.Build.0 = Release|Any CPU
		{9A965F79-83B3-43AA-AD7C-2821488A6BAC}.Debug|Any CPU.ActiveCfg = Debug|Any CPU
		{9A965F79-83B3-43AA-AD7C-2821488A6BAC}.Debug|Any CPU.Build.0 = Debug|Any CPU
		{9A965F79-83B3-43AA-AD7C-2821488A6BAC}.Release|Any CPU.ActiveCfg = Release|Any CPU
		{9A965F79-83B3-43AA-AD7C-2821488A6BAC}.Release|Any CPU.Build.0 = Release|Any CPU
		{C8D9B52F-4795-4800-B9A7-9E8AE0BA5D87}.Debug|Any CPU.ActiveCfg = Debug|Any CPU
		{C8D9B52F-4795-4800-B9A7-9E8AE0BA5D87}.Debug|Any CPU.Build.0 = Debug|Any CPU
		{C8D9B52F-4795-4800-B9A7-9E8AE0BA5D87}.Release|Any CPU.ActiveCfg = Release|Any CPU
		{C8D9B52F-4795-4800-B9A7-9E8AE0BA5D87}.Release|Any CPU.Build.0 = Release|Any CPU
	EndGlobalSection
	GlobalSection(SolutionProperties) = preSolution
		HideSolutionNode = FALSE
	EndGlobalSection
	GlobalSection(ExtensibilityGlobals) = postSolution
		SolutionGuid = {475A35FD-BEE0-47B9-A64E-9730A8ACAB1D}
	EndGlobalSection
EndGlobal
